{
  "name": "onepassword-agent-skill",
  "lockfileVersion": 3,
  "requires": true,
  "packages": {
    "": {
      "name": "onepassword-agent-skill",
      "dependencies": {
        "@1password/sdk": "0.4.0"
      }
    },
    "node_modules/@1password/sdk": {
      "version": "0.4.0",
      "resolved": "https://registry.npmjs.org/@1password/sdk/-/sdk-0.4.0.tgz",
      "integrity": "sha512-RIypujc9R/UeUaobjyClTYokqRFpcaIkHq+EO/X9XoHId98Vg+SbjwGV+yygRC4MyHwYNo1KP1iEbZcqJ4ZTdw==",
      "license": "MIT",
      "dependencies": {
        "@1password/sdk-core": "0.4.0"
      }
    },
    "node_modules/@1password/sdk-core": {
      "version": "0.4.0",
      "resolved": "https://registry.npmjs.org/@1password/sdk-core/-/sdk-core-0.4.0.tgz",
      "integrity": "sha512-vjeI1o4wiONY+t1naA4dtUp6HktdLH1D2S+tN1Lh4l41S9XIUHxrljov9B5u6G+VHr7f2MUoxmzXA9zT3aokQQ==",
      "license": "MIT"
    }
  }
}
